
Microsoft Visual Studio Solution File, Format Version 12.00
# Visual Studio Version 16
VisualStudioVersion = 16.0.31105.61
MinimumVisualStudioVersion = 15.0.26124.0
Project("{9A19103F-16F7-4668-BE54-9A1E7A4F7556}") = "OutdoorProducts", "OutdoorProducts\OutdoorProducts.csproj", "{67BE1675-7710-4128-BB66-C489F5069DC5}"
EndProject
Project("{9A19103F-16F7-4668-BE54-9A1E7A4F7556}") = "OutdoorProducts.Tests", "OutdoorProducts.Tests\OutdoorProducts.Tests.csproj", "{E114940D-16F0-4461-A907-0A8C5604DE8C}"
EndProject
Global
	GlobalSection(SolutionConfigurationPlatforms) = preSolution
		Debug|Any CPU = Debug|Any CPU
		Debug|x64 = Debug|x64
		Debug|x86 = Debug|x86
		Release|Any CPU = Release|Any CPU
		Release|x64 = Release|x64
		Release|x86 = Release|x86
	EndGlobalSection
	GlobalSection(ProjectConfigurationPlatforms) = postSolution
		{67BE1675-7710-4128-BB66-C489F5069DC5}.Debug|Any CPU.ActiveCfg = Debug|Any CPU
		{67BE1675-7710-4128-BB66-C489F5069DC5}.Debug|Any CPU.Build.0 = Debug|Any CPU
		{67BE1675-7710-4128-BB66-C489F5069DC5}.Debug|x64.ActiveCfg = Debug|Any CPU
		{67BE1675-7710-4128-BB66-C489F5069DC5}.Debug|x64.Build.0 = Debug|Any CPU
		{67BE1675-7710-4128-BB66-C489F5069DC5}.Debug|x86.ActiveCfg = Debug|Any CPU
		{67BE1675-7710-4128-BB66-C489F5069DC5}.Debug|x86.Build.0 = Debug|Any CPU
		{67BE1675-7710-4128-BB66-C489F5069DC5}.Release|Any CPU.ActiveCfg = Release|Any CPU
		{67BE1675-7710-4128-BB66-C489F5069DC5}.Release|Any CPU.Build.0 = Release|Any CPU
		{67BE1675-7710-4128-BB66-C489F5069DC5}.Release|x64.ActiveCfg = Release|Any CPU
		{67BE1675-7710-4128-BB66-C489F5069DC5}.Release|x64.Build.0 = Release|Any CPU
		{67BE1675-7710-4128-BB66-C489F5069DC5}.Release|x86.ActiveCfg = Release|Any CPU
		{67BE1675-7710-4128-BB66-C489F5069DC5}.Release|x86.Build.0 = Release|Any CPU
		{E114940D-16F0-4461-A907-0A8C5604DE8C}.Debug|Any CPU.ActiveCfg = Debug|Any CPU
		{E114940D-16F0-4461-A907-0A8C5604DE8C}.Debug|Any CPU.Build.0 = Debug|Any CPU
		{E114940D-16F0-4461-A907-0A8C5604DE8C}.Debug|x64.ActiveCfg = Debug|Any CPU
		{E114940D-16F0-4461-A907-0A8C5604DE8C}.Debug|x64.Build.0 = Debug|Any CPU
		{E114940D-16F0-4461-A907-0A8C5604DE8C}.Debug|x86.ActiveCfg = Debug|Any CPU
		{E114940D-16F0-4461-A907-0A8C5604DE8C}.Debug|x86.Build.0 = Debug|Any CPU
		{E114940D-16F0-4461-A907-0A8C5604DE8C}.Release|Any CPU.ActiveCfg = Release|Any CPU
		{E114940D-16F0-4461-A907-0A8C5604DE8C}.Release|Any CPU.Build.0 = Release|Any CPU
		{E114940D-16F0-4461-A907-0A8C5604DE8C}.Release|x64.ActiveCfg = Release|Any CPU
		{E114940D-16F0-4461-A907-0A8C5604DE8C}.Release|x64.Build.0 = Release|Any CPU
		{E114940D-16F0-4461-A907-0A8C5604DE8C}.Release|x86.ActiveCfg = Release|Any CPU
		{E114940D-16F0-4461-A907-0A8C5604DE8C}.Release|x86.Build.0 = Release|Any CPU
	EndGlobalSection
	GlobalSection(SolutionProperties) = preSolution
		HideSolutionNode = FALSE
	EndGlobalSection
	GlobalSection(ExtensibilityGlobals) = postSolution
		SolutionGuid = {5ADF358C-8043-4FCA-B554-A4A88E982D62}
	EndGlobalSection
EndGlobal
